
Microsoft Visual Studio Solution File, Format Version 12.00
# Visual Studio Version 16
VisualStudioVersion = 16.0.29509.3
MinimumVisualStudioVersion = 10.0.40219.1
Project("{FAE04EC0-301F-11D3-BF4B-00C04F79EFBC}") = "lab4", "lab4.csproj", "{06C4E79F-ED24-4BE8-8886-A4FB67F96712}"
EndProject
Global
	GlobalSection(SolutionConfigurationPlatforms) = preSolution
		Debug|Any CPU = Debug|Any CPU
		Release|Any CPU = Release|Any CPU
	EndGlobalSection
	GlobalSection(ProjectConfigurationPlatforms) = postSolution
		{06C4E79F-ED24-4BE8-8886-A4FB67F96712}.Debug|Any CPU.ActiveCfg = Debug|Any CPU
		{06C4E79F-ED24-4BE8-8886-A4FB67F96712}.Debug|Any CPU.Build.0 = Debug|Any CPU
		{06C4E79F-ED24-4BE8-8886-A4FB67F96712}.Release|Any CPU.ActiveCfg = Release|Any CPU
		{06C4E79F-ED24-4BE8-8886-A4FB67F96712}.Release|Any CPU.Build.0 = Release|Any CPU
	EndGlobalSection
	GlobalSection(SolutionProperties) = preSolution
		HideSolutionNode = FALSE
	EndGlobalSection
	GlobalSection(ExtensibilityGlobals) = postSolution
		SolutionGuid = {D539D394-5980-40A5-B998-DBA458162988}
	EndGlobalSection
EndGlobal
